
Microsoft Visual Studio Solution File, Format Version 12.00
# Visual Studio Version 17
VisualStudioVersion = 17.3.32804.467
MinimumVisualStudioVersion = 10.0.40219.1
Project("{8BC9CEB8-8B4A-11D0-8D11-00A0C91BC942}") = "GammaEngine", "GammaEngine\GammaEngine.vcxproj", "{AC2724B0-17C0-4BA9-BE13-FB25276BF081}"
	ProjectSection(ProjectDependencies) = postProject
		{06277F41-FCF8-44D0-B348-231BB7E3657C} = {06277F41-FCF8-44D0-B348-231BB7E3657C}
		{3AF9BC5C-4D56-44DD-B41E-F207C681EF19} = {3AF9BC5C-4D56-44DD-B41E-F207C681EF19}
		{B9A23F42-3915-486A-AA0A-D9F8C268E858} = {B9A23F42-3915-486A-AA0A-D9F8C268E858}
		{CB715B5D-A02A-4E5A-B216-F95AF8B81652} = {CB715B5D-A02A-4E5A-B216-F95AF8B81652}
		{DCCA0E75-9A4F-4496-9C95-562466327E01} = {DCCA0E75-9A4F-4496-9C95-562466327E01}
		{DD45A941-10DF-372C-92F5-43837CECEFF5} = {DD45A941-10DF-372C-92F5-43837CECEFF5}
		{FA9F7AB3-4CE2-4FCF-8110-00690E79A49B} = {FA9F7AB3-4CE2-4FCF-8110-00690E79A49B}
	EndProjectSection
EndProject
Project("{8BC9CEB8-8B4A-11D0-8D11-00A0C91BC942}") = "Direct2DModule", "Direct2DModule\Direct2DModule.vcxproj", "{3AF9BC5C-4D56-44DD-B41E-F207C681EF19}"
	ProjectSection(ProjectDependencies) = postProject
		{DCCA0E75-9A4F-4496-9C95-562466327E01} = {DCCA0E75-9A4F-4496-9C95-562466327E01}
	EndProjectSection
EndProject
Project("{8BC9CEB8-8B4A-11D0-8D11-00A0C91BC942}") = "Common", "Common\Common.vcxproj", "{B9A23F42-3915-486A-AA0A-D9F8C268E858}"
EndProject
Project("{8BC9CEB8-8B4A-11D0-8D11-00A0C91BC942}") = "TestGame", "TestGame\TestGame.vcxproj", "{A2BE1549-2598-4B37-AE71-8417AE85A3DC}"
	ProjectSection(ProjectDependencies) = postProject
		{06277F41-FCF8-44D0-B348-231BB7E3657C} = {06277F41-FCF8-44D0-B348-231BB7E3657C}
		{AC2724B0-17C0-4BA9-BE13-FB25276BF081} = {AC2724B0-17C0-4BA9-BE13-FB25276BF081}
		{B9A23F42-3915-486A-AA0A-D9F8C268E858} = {B9A23F42-3915-486A-AA0A-D9F8C268E858}
		{DCCA0E75-9A4F-4496-9C95-562466327E01} = {DCCA0E75-9A4F-4496-9C95-562466327E01}
	EndProjectSection
EndProject
Project("{8BC9CEB8-8B4A-11D0-8D11-00A0C91BC942}") = "GRX", "GRX\GRX.vcxproj", "{06277F41-FCF8-44D0-B348-231BB7E3657C}"
EndProject
Project("{8BC9CEB8-8B4A-11D0-8D11-00A0C91BC942}") = "spine-cpp", "spine-cpp\spine-cpp.vcxproj", "{DD45A941-10DF-372C-92F5-43837CECEFF5}"
EndProject
Project("{8BC9CEB8-8B4A-11D0-8D11-00A0C91BC942}") = "GammaEffect", "GammaEffect\GammaEffect.vcxproj", "{DCCA0E75-9A4F-4496-9C95-562466327E01}"
	ProjectSection(ProjectDependencies) = postProject
		{B9A23F42-3915-486A-AA0A-D9F8C268E858} = {B9A23F42-3915-486A-AA0A-D9F8C268E858}
	EndProjectSection
EndProject
Project("{8BC9CEB8-8B4A-11D0-8D11-00A0C91BC942}") = "CurtainCall", "CurtainCall\CurtainCall.vcxproj", "{8E81A576-09BB-4E23-B291-7951E0E04A8B}"
	ProjectSection(ProjectDependencies) = postProject
		{06277F41-FCF8-44D0-B348-231BB7E3657C} = {06277F41-FCF8-44D0-B348-231BB7E3657C}
		{70073029-838A-41B1-A1CF-3B492C30FC8F} = {70073029-838A-41B1-A1CF-3B492C30FC8F}
		{AC2724B0-17C0-4BA9-BE13-FB25276BF081} = {AC2724B0-17C0-4BA9-BE13-FB25276BF081}
		{B9A23F42-3915-486A-AA0A-D9F8C268E858} = {B9A23F42-3915-486A-AA0A-D9F8C268E858}
		{DCCA0E75-9A4F-4496-9C95-562466327E01} = {DCCA0E75-9A4F-4496-9C95-562466327E01}
		{DD45A941-10DF-372C-92F5-43837CECEFF5} = {DD45A941-10DF-372C-92F5-43837CECEFF5}
	EndProjectSection
EndProject
Project("{8BC9CEB8-8B4A-11D0-8D11-00A0C91BC942}") = "GammaPhysics", "GammaPhysics\GammaPhysics.vcxproj", "{FA9F7AB3-4CE2-4FCF-8110-00690E79A49B}"
	ProjectSection(ProjectDependencies) = postProject
		{B9A23F42-3915-486A-AA0A-D9F8C268E858} = {B9A23F42-3915-486A-AA0A-D9F8C268E858}
	EndProjectSection
EndProject
Project("{8BC9CEB8-8B4A-11D0-8D11-00A0C91BC942}") = "RXTest", "RXTest\RXTest.vcxproj", "{70073029-838A-41B1-A1CF-3B492C30FC8F}"
	ProjectSection(ProjectDependencies) = postProject
		{06277F41-FCF8-44D0-B348-231BB7E3657C} = {06277F41-FCF8-44D0-B348-231BB7E3657C}
	EndProjectSection
EndProject
Project("{8BC9CEB8-8B4A-11D0-8D11-00A0C91BC942}") = "GammaSound", "GammaSound\GammaSound.vcxproj", "{CB715B5D-A02A-4E5A-B216-F95AF8B81652}"
EndProject
Global
	GlobalSection(SolutionConfigurationPlatforms) = preSolution
		Debug|x64 = Debug|x64
		Debug|x86 = Debug|x86
		MinSizeRel|x64 = MinSizeRel|x64
		MinSizeRel|x86 = MinSizeRel|x86
		Release|x64 = Release|x64
		Release|x86 = Release|x86
		RelWithDebInfo|x64 = RelWithDebInfo|x64
		RelWithDebInfo|x86 = RelWithDebInfo|x86
	EndGlobalSection
	GlobalSection(ProjectConfigurationPlatforms) = postSolution
		{AC2724B0-17C0-4BA9-BE13-FB25276BF081}.Debug|x64.ActiveCfg = Debug|x64
		{AC2724B0-17C0-4BA9-BE13-FB25276BF081}.Debug|x64.Build.0 = Debug|x64
		{AC2724B0-17C0-4BA9-BE13-FB25276BF081}.Debug|x86.ActiveCfg = Debug|Win32
		{AC2724B0-17C0-4BA9-BE13-FB25276BF081}.Debug|x86.Build.0 = Debug|Win32
		{AC2724B0-17C0-4BA9-BE13-FB25276BF081}.MinSizeRel|x64.ActiveCfg = Release|x64
		{AC2724B0-17C0-4BA9-BE13-FB25276BF081}.MinSizeRel|x64.Build.0 = Release|x64
		{AC2724B0-17C0-4BA9-BE13-FB25276BF081}.MinSizeRel|x86.ActiveCfg = Release|Win32
		{AC2724B0-17C0-4BA9-BE13-FB25276BF081}.MinSizeRel|x86.Build.0 = Release|Win32
		{AC2724B0-17C0-4BA9-BE13-FB25276BF081}.Release|x64.ActiveCfg = Release|x64
		{AC2724B0-17C0-4BA9-BE13-FB25276BF081}.Release|x64.Build.0 = Release|x64
		{AC2724B0-17C0-4BA9-BE13-FB25276BF081}.Release|x86.ActiveCfg = Release|Win32
		{AC2724B0-17C0-4BA9-BE13-FB25276BF081}.Release|x86.Build.0 = Release|Win32
		{AC2724B0-17C0-4BA9-BE13-FB25276BF081}.RelWithDebInfo|x64.ActiveCfg = Release|x64
		{AC2724B0-17C0-4BA9-BE13-FB25276BF081}.RelWithDebInfo|x64.Build.0 = Release|x64
		{AC2724B0-17C0-4BA9-BE13-FB25276BF081}.RelWithDebInfo|x86.ActiveCfg = Release|Win32
		{AC2724B0-17C0-4BA9-BE13-FB25276BF081}.RelWithDebInfo|x86.Build.0 = Release|Win32
		{3AF9BC5C-4D56-44DD-B41E-F207C681EF19}.Debug|x64.ActiveCfg = Debug|x64
		{3AF9BC5C-4D56-44DD-B41E-F207C681EF19}.Debug|x64.Build.0 = Debug|x64
		{3AF9BC5C-4D56-44DD-B41E-F207C681EF19}.Debug|x86.ActiveCfg = Debug|Win32
		{3AF9BC5C-4D56-44DD-B41E-F207C681EF19}.Debug|x86.Build.0 = Debug|Win32
		{3AF9BC5C-4D56-44DD-B41E-F207C681EF19}.MinSizeRel|x64.ActiveCfg = Release|x64
		{3AF9BC5C-4D56-44DD-B41E-F207C681EF19}.MinSizeRel|x64.Build.0 = Release|x64
		{3AF9BC5C-4D56-44DD-B41E-F207C681EF19}.MinSizeRel|x86.ActiveCfg = Release|Win32
		{3AF9BC5C-4D56-44DD-B41E-F207C681EF19}.MinSizeRel|x86.Build.0 = Release|Win32
		{3AF9BC5C-4D56-44DD-B41E-F207C681EF19}.Release|x64.ActiveCfg = Release|x64
		{3AF9BC5C-4D56-44DD-B41E-F207C681EF19}.Release|x64.Build.0 = Release|x64
		{3AF9BC5C-4D56-44DD-B41E-F207C681EF19}.Release|x86.ActiveCfg = Release|Win32
		{3AF9BC5C-4D56-44DD-B41E-F207C681EF19}.Release|x86.Build.0 = Release|Win32
		{3AF9BC5C-4D56-44DD-B41E-F207C681EF19}.RelWithDebInfo|x64.ActiveCfg = Release|x64
		{3AF9BC5C-4D56-44DD-B41E-F207C681EF19}.RelWithDebInfo|x64.Build.0 = Release|x64
		{3AF9BC5C-4D56-44DD-B41E-F207C681EF19}.RelWithDebInfo|x86.ActiveCfg = Release|Win32
		{3AF9BC5C-4D56-44DD-B41E-F207C681EF19}.RelWithDebInfo|x86.Build.0 = Release|Win32
		{B9A23F42-3915-486A-AA0A-D9F8C268E858}.Debug|x64.ActiveCfg = Debug|x64
		{B9A23F42-3915-486A-AA0A-D9F8C268E858}.Debug|x64.Build.0 = Debug|x64
		{B9A23F42-3915-486A-AA0A-D9F8C268E858}.Debug|x86.ActiveCfg = Debug|Win32
		{B9A23F42-3915-486A-AA0A-D9F8C268E858}.Debug|x86.Build.0 = Debug|Win32
		{B9A23F42-3915-486A-AA0A-D9F8C268E858}.MinSizeRel|x64.ActiveCfg = Release|x64
		{B9A23F42-3915-486A-AA0A-D9F8C268E858}.MinSizeRel|x64.Build.0 = Release|x64
		{B9A23F42-3915-486A-AA0A-D9F8C268E858}.MinSizeRel|x86.ActiveCfg = Release|Win32
		{B9A23F42-3915-486A-AA0A-D9F8C268E858}.MinSizeRel|x86.Build.0 = Release|Win32
		{B9A23F42-3915-486A-AA0A-D9F8C268E858}.Release|x64.ActiveCfg = Release|x64
		{B9A23F42-3915-486A-AA0A-D9F8C268E858}.Release|x64.Build.0 = Release|x64
		{B9A23F42-3915-486A-AA0A-D9F8C268E858}.Release|x86.ActiveCfg = Release|Win32
		{B9A23F42-3915-486A-AA0A-D9F8C268E858}.Release|x86.Build.0 = Release|Win32
		{B9A23F42-3915-486A-AA0A-D9F8C268E858}.RelWithDebInfo|x64.ActiveCfg = Release|x64
		{B9A23F42-3915-486A-AA0A-D9F8C268E858}.RelWithDebInfo|x64.Build.0 = Release|x64
		{B9A23F42-3915-486A-AA0A-D9F8C268E858}.RelWithDebInfo|x86.ActiveCfg = Release|Win32
		{B9A23F42-3915-486A-AA0A-D9F8C268E858}.RelWithDebInfo|x86.Build.0 = Release|Win32
		{A2BE1549-2598-4B37-AE71-8417AE85A3DC}.Debug|x64.ActiveCfg = Debug|x64
		{A2BE1549-2598-4B37-AE71-8417AE85A3DC}.Debug|x64.Build.0 = Debug|x64
		{A2BE1549-2598-4B37-AE71-8417AE85A3DC}.Debug|x86.ActiveCfg = Debug|Win32
		{A2BE1549-2598-4B37-AE71-8417AE85A3DC}.Debug|x86.Build.0 = Debug|Win32
		{A2BE1549-2598-4B37-AE71-8417AE85A3DC}.MinSizeRel|x64.ActiveCfg = Release|x64
		{A2BE1549-2598-4B37-AE71-8417AE85A3DC}.MinSizeRel|x64.Build.0 = Release|x64
		{A2BE1549-2598-4B37-AE71-8417AE85A3DC}.MinSizeRel|x86.ActiveCfg = Release|Win32
		{A2BE1549-2598-4B37-AE71-8417AE85A3DC}.MinSizeRel|x86.Build.0 = Release|Win32
		{A2BE1549-2598-4B37-AE71-8417AE85A3DC}.Release|x64.ActiveCfg = Release|x64
		{A2BE1549-2598-4B37-AE71-8417AE85A3DC}.Release|x64.Build.0 = Release|x64
		{A2BE1549-2598-4B37-AE71-8417AE85A3DC}.Release|x86.ActiveCfg = Release|Win32
		{A2BE1549-2598-4B37-AE71-8417AE85A3DC}.Release|x86.Build.0 = Release|Win32
		{A2BE1549-2598-4B37-AE71-8417AE85A3DC}.RelWithDebInfo|x64.ActiveCfg = Release|x64
		{A2BE1549-2598-4B37-AE71-8417AE85A3DC}.RelWithDebInfo|x64.Build.0 = Release|x64
		{A2BE1549-2598-4B37-AE71-8417AE85A3DC}.RelWithDebInfo|x86.ActiveCfg = Release|Win32
		{A2BE1549-2598-4B37-AE71-8417AE85A3DC}.RelWithDebInfo|x86.Build.0 = Release|Win32
		{06277F41-FCF8-44D0-B348-231BB7E3657C}.Debug|x64.ActiveCfg = Debug|x64
		{06277F41-FCF8-44D0-B348-231BB7E3657C}.Debug|x64.Build.0 = Debug|x64
		{06277F41-FCF8-44D0-B348-231BB7E3657C}.Debug|x86.ActiveCfg = Debug|Win32
		{06277F41-FCF8-44D0-B348-231BB7E3657C}.Debug|x86.Build.0 = Debug|Win32
		{06277F41-FCF8-44D0-B348-231BB7E3657C}.MinSizeRel|x64.ActiveCfg = Release|x64
		{06277F41-FCF8-44D0-B348-231BB7E3657C}.MinSizeRel|x64.Build.0 = Release|x64
		{06277F41-FCF8-44D0-B348-231BB7E3657C}.MinSizeRel|x86.ActiveCfg = Release|Win32
		{06277F41-FCF8-44D0-B348-231BB7E3657C}.MinSizeRel|x86.Build.0 = Release|Win32
		{06277F41-FCF8-44D0-B348-231BB7E3657C}.Release|x64.ActiveCfg = Release|x64
		{06277F41-FCF8-44D0-B348-231BB7E3657C}.Release|x64.Build.0 = Release|x64
		{06277F41-FCF8-44D0-B348-231BB7E3657C}.Release|x86.ActiveCfg = Release|Win32
		{06277F41-FCF8-44D0-B348-231BB7E3657C}.Release|x86.Build.0 = Release|Win32
		{06277F41-FCF8-44D0-B348-231BB7E3657C}.RelWithDebInfo|x64.ActiveCfg = Release|x64
		{06277F41-FCF8-44D0-B348-231BB7E3657C}.RelWithDebInfo|x64.Build.0 = Release|x64
		{06277F41-FCF8-44D0-B348-231BB7E3657C}.RelWithDebInfo|x86.ActiveCfg = Release|Win32
		{06277F41-FCF8-44D0-B348-231BB7E3657C}.RelWithDebInfo|x86.Build.0 = Release|Win32
		{DD45A941-10DF-372C-92F5-43837CECEFF5}.Debug|x64.ActiveCfg = Debug|x64
		{DD45A941-10DF-372C-92F5-43837CECEFF5}.Debug|x64.Build.0 = Debug|x64
		{DD45A941-10DF-372C-92F5-43837CECEFF5}.Debug|x86.ActiveCfg = Debug|x64
		{DD45A941-10DF-372C-92F5-43837CECEFF5}.Debug|x86.Build.0 = Debug|x64
		{DD45A941-10DF-372C-92F5-43837CECEFF5}.MinSizeRel|x64.ActiveCfg = MinSizeRel|x64
		{DD45A941-10DF-372C-92F5-43837CECEFF5}.MinSizeRel|x64.Build.0 = MinSizeRel|x64
		{DD45A941-10DF-372C-92F5-43837CECEFF5}.MinSizeRel|x86.ActiveCfg = MinSizeRel|x64
		{DD45A941-10DF-372C-92F5-43837CECEFF5}.MinSizeRel|x86.Build.0 = MinSizeRel|x64
		{DD45A941-10DF-372C-92F5-43837CECEFF5}.Release|x64.ActiveCfg = Release|x64
		{DD45A941-10DF-372C-92F5-43837CECEFF5}.Release|x64.Build.0 = Release|x64
		{DD45A941-10DF-372C-92F5-43837CECEFF5}.Release|x86.ActiveCfg = Release|x64
		{DD45A941-10DF-372C-92F5-43837CECEFF5}.Release|x86.Build.0 = Release|x64
		{DD45A941-10DF-372C-92F5-43837CECEFF5}.RelWithDebInfo|x64.ActiveCfg = RelWithDebInfo|x64
		{DD45A941-10DF-372C-92F5-43837CECEFF5}.RelWithDebInfo|x64.Build.0 = RelWithDebInfo|x64
		{DD45A941-10DF-372C-92F5-43837CECEFF5}.RelWithDebInfo|x86.ActiveCfg = RelWithDebInfo|x64
		{DD45A941-10DF-372C-92F5-43837CECEFF5}.RelWithDebInfo|x86.Build.0 = RelWithDebInfo|x64
		{DCCA0E75-9A4F-4496-9C95-562466327E01}.Debug|x64.ActiveCfg = Debug|x64
		{DCCA0E75-9A4F-4496-9C95-562466327E01}.Debug|x64.Build.0 = Debug|x64
		{DCCA0E75-9A4F-4496-9C95-562466327E01}.Debug|x86.ActiveCfg = Debug|Win32
		{DCCA0E75-9A4F-4496-9C95-562466327E01}.Debug|x86.Build.0 = Debug|Win32
		{DCCA0E75-9A4F-4496-9C95-562466327E01}.MinSizeRel|x64.ActiveCfg = Debug|x64
		{DCCA0E75-9A4F-4496-9C95-562466327E01}.MinSizeRel|x64.Build.0 = Debug|x64
		{DCCA0E75-9A4F-4496-9C95-562466327E01}.MinSizeRel|x86.ActiveCfg = Debug|Win32
		{DCCA0E75-9A4F-4496-9C95-562466327E01}.MinSizeRel|x86.Build.0 = Debug|Win32
		{DCCA0E75-9A4F-4496-9C95-562466327E01}.Release|x64.ActiveCfg = Release|x64
		{DCCA0E75-9A4F-4496-9C95-562466327E01}.Release|x64.Build.0 = Release|x64
		{DCCA0E75-9A4F-4496-9C95-562466327E01}.Release|x86.ActiveCfg = Release|Win32
		{DCCA0E75-9A4F-4496-9C95-562466327E01}.Release|x86.Build.0 = Release|Win32
		{DCCA0E75-9A4F-4496-9C95-562466327E01}.RelWithDebInfo|x64.ActiveCfg = Release|x64
		{DCCA0E75-9A4F-4496-9C95-562466327E01}.RelWithDebInfo|x64.Build.0 = Release|x64
		{DCCA0E75-9A4F-4496-9C95-562466327E01}.RelWithDebInfo|x86.ActiveCfg = Release|Win32
		{DCCA0E75-9A4F-4496-9C95-562466327E01}.RelWithDebInfo|x86.Build.0 = Release|Win32
		{8E81A576-09BB-4E23-B291-7951E0E04A8B}.Debug|x64.ActiveCfg = Debug|x64
		{8E81A576-09BB-4E23-B291-7951E0E04A8B}.Debug|x64.Build.0 = Debug|x64
		{8E81A576-09BB-4E23-B291-7951E0E04A8B}.Debug|x86.ActiveCfg = Debug|Win32
		{8E81A576-09BB-4E23-B291-7951E0E04A8B}.Debug|x86.Build.0 = Debug|Win32
		{8E81A576-09BB-4E23-B291-7951E0E04A8B}.MinSizeRel|x64.ActiveCfg = Debug|x64
		{8E81A576-09BB-4E23-B291-7951E0E04A8B}.MinSizeRel|x64.Build.0 = Debug|x64
		{8E81A576-09BB-4E23-B291-7951E0E04A8B}.MinSizeRel|x86.ActiveCfg = Debug|Win32
		{8E81A576-09BB-4E23-B291-7951E0E04A8B}.MinSizeRel|x86.Build.0 = Debug|Win32
		{8E81A576-09BB-4E23-B291-7951E0E04A8B}.Release|x64.ActiveCfg = Release|x64
		{8E81A576-09BB-4E23-B291-7951E0E04A8B}.Release|x64.Build.0 = Release|x64
		{8E81A576-09BB-4E23-B291-7951E0E04A8B}.Release|x86.ActiveCfg = Release|Win32
		{8E81A576-09BB-4E23-B291-7951E0E04A8B}.Release|x86.Build.0 = Release|Win32
		{8E81A576-09BB-4E23-B291-7951E0E04A8B}.RelWithDebInfo|x64.ActiveCfg = Release|x64
		{8E81A576-09BB-4E23-B291-7951E0E04A8B}.RelWithDebInfo|x64.Build.0 = Release|x64
		{8E81A576-09BB-4E23-B291-7951E0E04A8B}.RelWithDebInfo|x86.ActiveCfg = Release|Win32
		{8E81A576-09BB-4E23-B291-7951E0E04A8B}.RelWithDebInfo|x86.Build.0 = Release|Win32
		{FA9F7AB3-4CE2-4FCF-8110-00690E79A49B}.Debug|x64.ActiveCfg = Debug|x64
		{FA9F7AB3-4CE2-4FCF-8110-00690E79A49B}.Debug|x64.Build.0 = Debug|x64
		{FA9F7AB3-4CE2-4FCF-8110-00690E79A49B}.Debug|x86.ActiveCfg = Debug|Win32
		{FA9F7AB3-4CE2-4FCF-8110-00690E79A49B}.Debug|x86.Build.0 = Debug|Win32
		{FA9F7AB3-4CE2-4FCF-8110-00690E79A49B}.MinSizeRel|x64.ActiveCfg = Debug|x64
		{FA9F7AB3-4CE2-4FCF-8110-00690E79A49B}.MinSizeRel|x64.Build.0 = Debug|x64
		{FA9F7AB3-4CE2-4FCF-8110-00690E79A49B}.MinSizeRel|x86.ActiveCfg = Debug|Win32
		{FA9F7AB3-4CE2-4FCF-8110-00690E79A49B}.MinSizeRel|x86.Build.0 = Debug|Win32
		{FA9F7AB3-4CE2-4FCF-8110-00690E79A49B}.Release|x64.ActiveCfg = Release|x64
		{FA9F7AB3-4CE2-4FCF-8110-00690E79A49B}.Release|x64.Build.0 = Release|x64
		{FA9F7AB3-4CE2-4FCF-8110-00690E79A49B}.Release|x86.ActiveCfg = Release|Win32
		{FA9F7AB3-4CE2-4FCF-8110-00690E79A49B}.Release|x86.Build.0 = Release|Win32
		{FA9F7AB3-4CE2-4FCF-8110-00690E79A49B}.RelWithDebInfo|x64.ActiveCfg = Release|x64
		{FA9F7AB3-4CE2-4FCF-8110-00690E79A49B}.RelWithDebInfo|x64.Build.0 = Release|x64
		{FA9F7AB3-4CE2-4FCF-8110-00690E79A49B}.RelWithDebInfo|x86.ActiveCfg = Release|Win32
		{FA9F7AB3-4CE2-4FCF-8110-00690E79A49B}.RelWithDebInfo|x86.Build.0 = Release|Win32
		{70073029-838A-41B1-A1CF-3B492C30FC8F}.Debug|x64.ActiveCfg = Debug|x64
		{70073029-838A-41B1-A1CF-3B492C30FC8F}.Debug|x64.Build.0 = Debug|x64
		{70073029-838A-41B1-A1CF-3B492C30FC8F}.Debug|x86.ActiveCfg = Debug|Win32
		{70073029-838A-41B1-A1CF-3B492C30FC8F}.Debug|x86.Build.0 = Debug|Win32
		{70073029-838A-41B1-A1CF-3B492C30FC8F}.MinSizeRel|x64.ActiveCfg = Debug|x64
		{70073029-838A-41B1-A1CF-3B492C30FC8F}.MinSizeRel|x64.Build.0 = Debug|x64
		{70073029-838A-41B1-A1CF-3B492C30FC8F}.MinSizeRel|x86.ActiveCfg = Debug|Win32
		{70073029-838A-41B1-A1CF-3B492C30FC8F}.MinSizeRel|x86.Build.0 = Debug|Win32
		{70073029-838A-41B1-A1CF-3B492C30FC8F}.Release|x64.ActiveCfg = Release|x64
		{70073029-838A-41B1-A1CF-3B492C30FC8F}.Release|x64.Build.0 = Release|x64
		{70073029-838A-41B1-A1CF-3B492C30FC8F}.Release|x86.ActiveCfg = Release|Win32
		{70073029-838A-41B1-A1CF-3B492C30FC8F}.Release|x86.Build.0 = Release|Win32
		{70073029-838A-41B1-A1CF-3B492C30FC8F}.RelWithDebInfo|x64.ActiveCfg = Release|x64
		{70073029-838A-41B1-A1CF-3B492C30FC8F}.RelWithDebInfo|x64.Build.0 = Release|x64
		{70073029-838A-41B1-A1CF-3B492C30FC8F}.RelWithDebInfo|x86.ActiveCfg = Release|Win32
		{70073029-838A-41B1-A1CF-3B492C30FC8F}.RelWithDebInfo|x86.Build.0 = Release|Win32
		{CB715B5D-A02A-4E5A-B216-F95AF8B81652}.Debug|x64.ActiveCfg = Debug|x64
		{CB715B5D-A02A-4E5A-B216-F95AF8B81652}.Debug|x64.Build.0 = Debug|x64
		{CB715B5D-A02A-4E5A-B216-F95AF8B81652}.Debug|x86.ActiveCfg = Debug|Win32
		{CB715B5D-A02A-4E5A-B216-F95AF8B81652}.Debug|x86.Build.0 = Debug|Win32
		{CB715B5D-A02A-4E5A-B216-F95AF8B81652}.MinSizeRel|x64.ActiveCfg = Debug|x64
		{CB715B5D-A02A-4E5A-B216-F95AF8B81652}.MinSizeRel|x64.Build.0 = Debug|x64
		{CB715B5D-A02A-4E5A-B216-F95AF8B81652}.MinSizeRel|x86.ActiveCfg = Debug|Win32
		{CB715B5D-A02A-4E5A-B216-F95AF8B81652}.MinSizeRel|x86.Build.0 = Debug|Win32
		{CB715B5D-A02A-4E5A-B216-F95AF8B81652}.Release|x64.ActiveCfg = Release|x64
		{CB715B5D-A02A-4E5A-B216-F95AF8B81652}.Release|x64.Build.0 = Release|x64
		{CB715B5D-A02A-4E5A-B216-F95AF8B81652}.Release|x86.ActiveCfg = Release|Win32
		{CB715B5D-A02A-4E5A-B216-F95AF8B81652}.Release|x86.Build.0 = Release|Win32
		{CB715B5D-A02A-4E5A-B216-F95AF8B81652}.RelWithDebInfo|x64.ActiveCfg = Release|x64
		{CB715B5D-A02A-4E5A-B216-F95AF8B81652}.RelWithDebInfo|x64.Build.0 = Release|x64
		{CB715B5D-A02A-4E5A-B216-F95AF8B81652}.RelWithDebInfo|x86.ActiveCfg = Release|Win32
		{CB715B5D-A02A-4E5A-B216-F95AF8B81652}.RelWithDebInfo|x86.Build.0 = Release|Win32
	EndGlobalSection
	GlobalSection(SolutionProperties) = preSolution
		HideSolutionNode = FALSE
	EndGlobalSection
	GlobalSection(ExtensibilityGlobals) = postSolution
		SolutionGuid = {C49AE243-9B5A-4675-AC67-4F52E01C7116}
	EndGlobalSection
EndGlobal
