<?xml version="1.0" encoding="utf-8"?>
<Project ToolsVersion="4.0" xmlns="http://schemas.microsoft.com/developer/msbuild/2003">
  <ItemGroup>
    <Filter Include="헤더 파일">
      <UniqueIdentifier>{93995380-89BD-4b04-88EB-625FBE52EBFB}</UniqueIdentifier>
      <Extensions>h;hh;hpp;hxx;h++;hm;inl;inc;ipp;xsd</Extensions>
    </Filter>
    <Filter Include="Effects">
      <UniqueIdentifier>{4FC737F1-C7A5-4376-A066-2A32D752A2FF}</UniqueIdentifier>
      <Extensions>cpp;c;cc;cxx;c++;cppm;ixx;def;odl;idl;hpj;bat;asm;asmx</Extensions>
    </Filter>
    <Filter Include="Effects\Default">
      <UniqueIdentifier>{ad5331e9-6fc8-40e0-bfbb-44d0fc6f10ad}</UniqueIdentifier>
    </Filter>
    <Filter Include="Effects\Default\Light&amp;Stylize">
      <UniqueIdentifier>{66ff7e1a-0d65-43fe-8447-f7bca3d99cd8}</UniqueIdentifier>
    </Filter>
    <Filter Include="Effects\Default\Filter">
      <UniqueIdentifier>{cde4bbd1-14d9-4cd5-ab49-034bea05fd5e}</UniqueIdentifier>
    </Filter>
    <Filter Include="Effects\Default\Composition">
      <UniqueIdentifier>{57bfe8c3-53f4-4a59-827d-833fce142373}</UniqueIdentifier>
    </Filter>
    <Filter Include="Effects\Default\Color">
      <UniqueIdentifier>{f5e52934-1d75-4ded-8f49-f7320f57943b}</UniqueIdentifier>
    </Filter>
    <Filter Include="Effects\Custom">
      <UniqueIdentifier>{24b42ee0-e5c7-48cf-a8d0-45284c1d3719}</UniqueIdentifier>
    </Filter>
  </ItemGroup>
  <ItemGroup>
    <ClCompile Include="AlphaMaskEffect.cpp">
      <Filter>Effects\Default\Composition</Filter>
    </ClCompile>
    <ClCompile Include="ArithmeticCompositeEffect.cpp">
      <Filter>Effects\Default\Composition</Filter>
    </ClCompile>
    <ClCompile Include="BlendEffect.cpp">
      <Filter>Effects\Default\Composition</Filter>
    </ClCompile>
    <ClCompile Include="CrossFadeEffect.cpp">
      <Filter>Effects\Default\Composition</Filter>
    </ClCompile>
    <ClCompile Include="ConvolveMatrixEffect.cpp">
      <Filter>Effects\Default\Filter</Filter>
    </ClCompile>
    <ClCompile Include="DirectionalBlurEffect.cpp">
      <Filter>Effects\Default\Filter</Filter>
    </ClCompile>
    <ClCompile Include="ColorMatrixEffect.cpp">
      <Filter>Effects\Default\Color</Filter>
    </ClCompile>
    <ClCompile Include="DiscreteTransferEffect.cpp">
      <Filter>Effects\Default\Color</Filter>
    </ClCompile>
    <ClCompile Include="DisplacementMapEffect.cpp">
      <Filter>Effects\Default\Light&amp;Stylize</Filter>
    </ClCompile>
    <ClCompile Include="LinearTransferEffect.cpp">
      <Filter>Effects\Default\Color</Filter>
    </ClCompile>
    <ClCompile Include="CompositeEffect.cpp">
      <Filter>Effects\Default\Composition</Filter>
    </ClCompile>
    <ClCompile Include="DistantLightEffect.cpp">
      <Filter>Effects\Default\Light&amp;Stylize</Filter>
    </ClCompile>
    <ClCompile Include="PointLightEffect.cpp">
      <Filter>Effects\Default\Light&amp;Stylize</Filter>
    </ClCompile>
    <ClCompile Include="SpotLightEffect.cpp">
      <Filter>Effects\Default\Light&amp;Stylize</Filter>
    </ClCompile>
    <ClCompile Include="Effect.cpp">
      <Filter>Effects\Default</Filter>
    </ClCompile>
    <ClCompile Include="TintEffect.cpp">
      <Filter>Effects\Default\Color</Filter>
    </ClCompile>
    <ClCompile Include="HighLightEffect.cpp">
      <Filter>Effects\Custom</Filter>
    </ClCompile>
  </ItemGroup>
  <ItemGroup>
    <ClInclude Include="Effect.h">
      <Filter>Effects</Filter>
    </ClInclude>
    <ClInclude Include="GammaEffect.h">
      <Filter>Effects</Filter>
    </ClInclude>
    <ClInclude Include="AlphaMaskEffect.h">
      <Filter>Effects\Default\Composition</Filter>
    </ClInclude>
    <ClInclude Include="ArithmeticCompositeEffect.h">
      <Filter>Effects\Default\Composition</Filter>
    </ClInclude>
    <ClInclude Include="BlendEffect.h">
      <Filter>Effects\Default\Composition</Filter>
    </ClInclude>
    <ClInclude Include="CrossFadeEffect.h">
      <Filter>Effects\Default\Composition</Filter>
    </ClInclude>
    <ClInclude Include="ConvolveMatrixEffect.h">
      <Filter>Effects\Default\Filter</Filter>
    </ClInclude>
    <ClInclude Include="DirectionalBlurEffect.h">
      <Filter>Effects\Default\Filter</Filter>
    </ClInclude>
    <ClInclude Include="ColorMatrixEffect.h">
      <Filter>Effects\Default\Color</Filter>
    </ClInclude>
    <ClInclude Include="DiscreteTransferEffect.h">
      <Filter>Effects\Default\Color</Filter>
    </ClInclude>
    <ClInclude Include="DisplacementMapEffect.h">
      <Filter>Effects\Default\Light&amp;Stylize</Filter>
    </ClInclude>
    <ClInclude Include="LinearTransferEffect.h">
      <Filter>Effects\Default\Color</Filter>
    </ClInclude>
    <ClInclude Include="PremultiplyEffect.h">
      <Filter>Effects\Default\Color</Filter>
    </ClInclude>
    <ClInclude Include="UnPremultiplyEffect.h">
      <Filter>Effects\Default\Color</Filter>
    </ClInclude>
    <ClInclude Include="CompositeEffect.h">
      <Filter>Effects\Default\Composition</Filter>
    </ClInclude>
    <ClInclude Include="DistantLightEffect.h">
      <Filter>Effects\Default\Light&amp;Stylize</Filter>
    </ClInclude>
    <ClInclude Include="PointLightEffect.h">
      <Filter>Effects\Default\Light&amp;Stylize</Filter>
    </ClInclude>
    <ClInclude Include="SpotLightEffect.h">
      <Filter>Effects\Default\Light&amp;Stylize</Filter>
    </ClInclude>
    <ClInclude Include="TintEffect.h">
      <Filter>Effects\Default\Color</Filter>
    </ClInclude>
    <ClInclude Include="HighLightEffect.h">
      <Filter>Effects\Custom</Filter>
    </ClInclude>
  </ItemGroup>
</Project>