<?xml version="1.0" encoding="utf-8"?>
<Project ToolsVersion="4.0" xmlns="http://schemas.microsoft.com/developer/msbuild/2003">
  <ItemGroup>
    <Filter Include="Common">
      <UniqueIdentifier>{4FC737F1-C7A5-4376-A066-2A32D752A2FF}</UniqueIdentifier>
      <Extensions>cpp;c;cc;cxx;c++;cppm;ixx;def;odl;idl;hpj;bat;asm;asmx</Extensions>
    </Filter>
    <Filter Include="Common\Type">
      <UniqueIdentifier>{1d1e8a7a-828c-4d25-84c4-8b42f7f8e98f}</UniqueIdentifier>
    </Filter>
  </ItemGroup>
  <ItemGroup>
    <ClInclude Include="Render.h">
      <Filter>Common</Filter>
    </ClInclude>
    <ClInclude Include="Singleton.h">
      <Filter>Common</Filter>
    </ClInclude>
    <ClInclude Include="Util.h">
      <Filter>Common</Filter>
    </ClInclude>
    <ClInclude Include="Matrix.h">
      <Filter>Common\Type</Filter>
    </ClInclude>
    <ClInclude Include="vector2.h">
      <Filter>Common\Type</Filter>
    </ClInclude>
    <ClInclude Include="vector4.h">
      <Filter>Common\Type</Filter>
    </ClInclude>
    <ClInclude Include="Type.h">
      <Filter>Common\Type</Filter>
    </ClInclude>
    <ClInclude Include="vector3.h">
      <Filter>Common\Type</Filter>
    </ClInclude>
    <ClInclude Include="State.h">
      <Filter>Common</Filter>
    </ClInclude>
  </ItemGroup>
  <ItemGroup>
    <ClCompile Include="Util.cpp">
      <Filter>Common</Filter>
    </ClCompile>
    <ClCompile Include="Matrix.cpp">
      <Filter>Common\Type</Filter>
    </ClCompile>
    <ClCompile Include="vector2.cpp">
      <Filter>Common\Type</Filter>
    </ClCompile>
    <ClCompile Include="vector4.cpp">
      <Filter>Common\Type</Filter>
    </ClCompile>
    <ClCompile Include="Type.cpp">
      <Filter>Common\Type</Filter>
    </ClCompile>
    <ClCompile Include="vector3.cpp">
      <Filter>Common\Type</Filter>
    </ClCompile>
  </ItemGroup>
</Project>