<?xml version="1.0" encoding="utf-8"?>
<Project ToolsVersion="4.0" xmlns="http://schemas.microsoft.com/developer/msbuild/2003">
  <ItemGroup>
    <Filter Include="헤더 파일">
      <UniqueIdentifier>{93995380-89BD-4b04-88EB-625FBE52EBFB}</UniqueIdentifier>
      <Extensions>h;hh;hpp;hxx;h++;hm;inl;inc;ipp;xsd</Extensions>
    </Filter>
    <Filter Include="Game">
      <UniqueIdentifier>{afa3d7b8-24f8-49b1-bfad-d34d7c2a7809}</UniqueIdentifier>
    </Filter>
    <Filter Include="main">
      <UniqueIdentifier>{da9029c2-ac88-419d-8c88-bb4741efb5be}</UniqueIdentifier>
    </Filter>
    <Filter Include="Game\WorkSpace">
      <UniqueIdentifier>{3339ab92-dc1d-4dce-a309-f61e50aa27c9}</UniqueIdentifier>
    </Filter>
    <Filter Include="Game\Script">
      <UniqueIdentifier>{3930b502-98af-432e-882e-49d2f9b8ed17}</UniqueIdentifier>
    </Filter>
    <Filter Include="Game\SandBox">
      <UniqueIdentifier>{69cfacde-5ce8-4b65-91ae-35077710257f}</UniqueIdentifier>
    </Filter>
  </ItemGroup>
  <ItemGroup>
    <ClCompile Include="main.cpp">
      <Filter>main</Filter>
    </ClCompile>
    <ClCompile Include="WorkSpace.cpp">
      <Filter>Game\WorkSpace</Filter>
    </ClCompile>
    <ClCompile Include="MainCamera.cpp">
      <Filter>Game\Script</Filter>
    </ClCompile>
    <ClCompile Include="SpineWorkspace.cpp">
      <Filter>Game\WorkSpace</Filter>
    </ClCompile>
    <ClCompile Include="SpineTest.cpp">
      <Filter>Game\Script</Filter>
    </ClCompile>
    <ClCompile Include="Player.cpp">
      <Filter>Game\Script</Filter>
    </ClCompile>
    <ClCompile Include="SandBox.cpp">
      <Filter>Game\SandBox</Filter>
    </ClCompile>
    <ClCompile Include="TestScript.cpp">
      <Filter>Game\Script</Filter>
    </ClCompile>
  </ItemGroup>
  <ItemGroup>
    <ClInclude Include="WorkSpace.h">
      <Filter>Game\WorkSpace</Filter>
    </ClInclude>
    <ClInclude Include="Mouse.h">
      <Filter>Game\Script</Filter>
    </ClInclude>
    <ClInclude Include="MainCamera.h">
      <Filter>Game\Script</Filter>
    </ClInclude>
    <ClInclude Include="SpineWorkspace.h">
      <Filter>Game\WorkSpace</Filter>
    </ClInclude>
    <ClInclude Include="SpineTest.h">
      <Filter>Game\Script</Filter>
    </ClInclude>
    <ClInclude Include="Player.h">
      <Filter>Game\Script</Filter>
    </ClInclude>
    <ClInclude Include="SandBox.h">
      <Filter>Game\SandBox</Filter>
    </ClInclude>
    <ClInclude Include="TestScript.h">
      <Filter>Game\Script</Filter>
    </ClInclude>
  </ItemGroup>
</Project>