<?xml version="1.0" encoding="utf-8"?>
<Project ToolsVersion="4.0" xmlns="http://schemas.microsoft.com/developer/msbuild/2003">
  <ItemGroup>
    <Filter Include="소스 파일">
      <UniqueIdentifier>{4FC737F1-C7A5-4376-A066-2A32D752A2FF}</UniqueIdentifier>
      <Extensions>cpp;c;cc;cxx;c++;cppm;ixx;def;odl;idl;hpj;bat;asm;asmx</Extensions>
    </Filter>
    <Filter Include="헤더 파일">
      <UniqueIdentifier>{93995380-89BD-4b04-88EB-625FBE52EBFB}</UniqueIdentifier>
      <Extensions>h;hh;hpp;hxx;h++;hm;inl;inc;ipp;xsd</Extensions>
    </Filter>
    <Filter Include="리소스 파일">
      <UniqueIdentifier>{67DA6AB6-F800-4c08-8B7A-83BB121AAD01}</UniqueIdentifier>
      <Extensions>rc;ico;cur;bmp;dlg;rc2;rct;bin;rgs;gif;jpg;jpeg;jpe;resx;tiff;tif;png;wav;mfcribbon-ms</Extensions>
    </Filter>
    <Filter Include="Script">
      <UniqueIdentifier>{c1e8e6b7-fed5-4a23-9566-363657d91974}</UniqueIdentifier>
    </Filter>
    <Filter Include="ClientCore">
      <UniqueIdentifier>{cd427bc2-37bd-4485-b984-b2aee760810e}</UniqueIdentifier>
    </Filter>
    <Filter Include="EntryPoint">
      <UniqueIdentifier>{26196b9d-215d-4013-a936-a10dbc39c2f3}</UniqueIdentifier>
    </Filter>
    <Filter Include="Scene">
      <UniqueIdentifier>{bc764f69-4320-4982-b5c6-c97784a6e0fe}</UniqueIdentifier>
    </Filter>
  </ItemGroup>
  <ItemGroup>
    <ClCompile Include="UIManager.cpp">
      <Filter>Script</Filter>
    </ClCompile>
    <ClCompile Include="ClientCore.cpp">
      <Filter>ClientCore</Filter>
    </ClCompile>
    <ClCompile Include="EntryPoint.cpp">
      <Filter>EntryPoint</Filter>
    </ClCompile>
    <ClCompile Include="SceneManager.cpp">
      <Filter>Script</Filter>
    </ClCompile>
    <ClCompile Include="UIScene.cpp">
      <Filter>Scene</Filter>
    </ClCompile>
    <ClCompile Include="MapEditorScene.cpp">
      <Filter>Scene</Filter>
    </ClCompile>
    <ClCompile Include="MainCamera.cpp">
      <Filter>Script</Filter>
    </ClCompile>
    <ClCompile Include="Dragable.cpp">
      <Filter>Script</Filter>
    </ClCompile>
    <ClCompile Include="EditorManager.cpp">
      <Filter>Script</Filter>
    </ClCompile>
    <ClCompile Include="EditorObject.cpp">
      <Filter>Script</Filter>
    </ClCompile>
  </ItemGroup>
  <ItemGroup>
    <ClInclude Include="UIManager.h">
      <Filter>Script</Filter>
    </ClInclude>
    <ClInclude Include="ClientCore.h">
      <Filter>ClientCore</Filter>
    </ClInclude>
    <ClInclude Include="UIScene.h">
      <Filter>Scene</Filter>
    </ClInclude>
    <ClInclude Include="SceneManager.h">
      <Filter>Script</Filter>
    </ClInclude>
    <ClInclude Include="MapEditorScene.h">
      <Filter>Scene</Filter>
    </ClInclude>
    <ClInclude Include="MainCamera.h">
      <Filter>Script</Filter>
    </ClInclude>
    <ClInclude Include="Dragable.h">
      <Filter>Script</Filter>
    </ClInclude>
    <ClInclude Include="EditorManager.h">
      <Filter>Script</Filter>
    </ClInclude>
    <ClInclude Include="EditorObject.h">
      <Filter>Script</Filter>
    </ClInclude>
  </ItemGroup>
</Project>